// !$*UTF8*$!
{
	archiveVersion = 1;
	classes = {
	};
	objectVersion = 46;
	objects = {

/* Begin PBXBuildFile section */
		1FFE1873192424C200A5B42C /* leg.1 in Copy Files */ = {isa = PBXBuildFile; fileRef = 1FFE1872192424C200A5B42C /* leg.1 */; };
		1FFE187C192424CB00A5B42C /* compile.c in Sources */ = {isa = PBXBuildFile; fileRef = 1FFE1877192424CB00A5B42C /* compile.c */; };
		1FFE187D192424CB00A5B42C /* leg.c in Sources */ = {isa = PBXBuildFile; fileRef = 1FFE1878192424CB00A5B42C /* leg.c */; };
		1FFE187E192424CB00A5B42C /* tree.c in Sources */ = {isa = PBXBuildFile; fileRef = 1FFE1879192424CB00A5B42C /* tree.c */; };
		1FFE18861924253100A5B42C /* Cocoa.framework in Frameworks */ = {isa = PBXBuildFile; fileRef = 1FFE18851924253100A5B42C /* Cocoa.framework */; };
		1FFE18C61924255600A5B42C /* XCBuildFile.h in Headers */ = {isa = PBXBuildFile; fileRef = 1FFE18AE1924255600A5B42C /* XCBuildFile.h */; };
		1FFE18C71924255600A5B42C /* XCBuildFile.m in Sources */ = {isa = PBXBuildFile; fileRef = 1FFE18AF1924255600A5B42C /* XCBuildFile.m */; };
		1FFE18C81924255600A5B42C /* XCBuildPhase.h in Headers */ = {isa = PBXBuildFile; fileRef = 1FFE18B01924255600A5B42C /* XCBuildPhase.h */; };
		1FFE18C91924255600A5B42C /* XCBuildPhase.m in Sources */ = {isa = PBXBuildFile; fileRef = 1FFE18B11924255600A5B42C /* XCBuildPhase.m */; };
		1FFE18CA1924255600A5B42C /* XCConfiguration.h in Headers */ = {isa = PBXBuildFile; fileRef = 1FFE18B21924255600A5B42C /* XCConfiguration.h */; };
		1FFE18CB1924255600A5B42C /* XCConfiguration.m in Sources */ = {isa = PBXBuildFile; fileRef = 1FFE18B31924255600A5B42C /* XCConfiguration.m */; };
		1FFE18CC1924255600A5B42C /* XCConfigurationList.h in Headers */ = {isa = PBXBuildFile; fileRef = 1FFE18B41924255600A5B42C /* XCConfigurationList.h */; };
		1FFE18CD1924255600A5B42C /* XCConfigurationList.m in Sources */ = {isa = PBXBuildFile; fileRef = 1FFE18B51924255600A5B42C /* XCConfigurationList.m */; };
		1FFE18CE1924255600A5B42C /* XCFileReference.h in Headers */ = {isa = PBXBuildFile; fileRef = 1FFE18B61924255600A5B42C /* XCFileReference.h */; };
		1FFE18CF1924255600A5B42C /* XCFileReference.m in Sources */ = {isa = PBXBuildFile; fileRef = 1FFE18B71924255600A5B42C /* XCFileReference.m */; };
		1FFE18D01924255600A5B42C /* XCGroup.h in Headers */ = {isa = PBXBuildFile; fileRef = 1FFE18B81924255600A5B42C /* XCGroup.h */; };
		1FFE18D11924255600A5B42C /* XCGroup.m in Sources */ = {isa = PBXBuildFile; fileRef = 1FFE18B91924255600A5B42C /* XCGroup.m */; };
		1FFE18D21924255600A5B42C /* XCObjectIdentifier.h in Headers */ = {isa = PBXBuildFile; fileRef = 1FFE18BA1924255600A5B42C /* XCObjectIdentifier.h */; };
		1FFE18D31924255600A5B42C /* XCObjectIdentifier.m in Sources */ = {isa = PBXBuildFile; fileRef = 1FFE18BB1924255600A5B42C /* XCObjectIdentifier.m */; };
		1FFE18D41924255600A5B42C /* XCObjectRegistry.h in Headers */ = {isa = PBXBuildFile; fileRef = 1FFE18BC1924255600A5B42C /* XCObjectRegistry.h */; };
		1FFE18D51924255600A5B42C /* XCObjectRegistry.m in Sources */ = {isa = PBXBuildFile; fileRef = 1FFE18BD1924255600A5B42C /* XCObjectRegistry.m */; };
		1FFE18D61924255600A5B42C /* XCProject.h in Headers */ = {isa = PBXBuildFile; fileRef = 1FFE18BE1924255600A5B42C /* XCProject.h */; };
		1FFE18D71924255600A5B42C /* XCProject.m in Sources */ = {isa = PBXBuildFile; fileRef = 1FFE18BF1924255600A5B42C /* XCProject.m */; };
		1FFE18D81924255600A5B42C /* XCResource.h in Headers */ = {isa = PBXBuildFile; fileRef = 1FFE18C01924255600A5B42C /* XCResource.h */; };
		1FFE18D91924255600A5B42C /* XCResource.m in Sources */ = {isa = PBXBuildFile; fileRef = 1FFE18C11924255600A5B42C /* XCResource.m */; };
		1FFE18DA1924255600A5B42C /* XCStandardProperties.h in Headers */ = {isa = PBXBuildFile; fileRef = 1FFE18C21924255600A5B42C /* XCStandardProperties.h */; };
		1FFE18DB1924255600A5B42C /* XCStandardProperties.m in Sources */ = {isa = PBXBuildFile; fileRef = 1FFE18C31924255600A5B42C /* XCStandardProperties.m */; };
		1FFE18DC1924255600A5B42C /* XCTarget.h in Headers */ = {isa = PBXBuildFile; fileRef = 1FFE18C41924255600A5B42C /* XCTarget.h */; };
		1FFE18DD1924255600A5B42C /* XCTarget.m in Sources */ = {isa = PBXBuildFile; fileRef = 1FFE18C51924255600A5B42C /* XCTarget.m */; };
		1FFE18E0192425BE00A5B42C /* pbxproject.peg in Sources */ = {isa = PBXBuildFile; fileRef = 1FFE18AD1924255600A5B42C /* pbxproject.peg */; };
/* End PBXBuildFile section */

/* Begin PBXBuildRule section */
		1FFE18DF1924259900A5B42C /* PBXBuildRule */ = {
			isa = PBXBuildRule;
			compilerSpec = com.apple.compilers.proxy.script;
			filePatterns = "*.peg";
			fileType = pattern.proxy;
			isEditable = 1;
			outputFiles = (
				"$(DERIVED_FILE_DIR)/$(INPUT_FILE_BASE).m",
			);
			script = "\"${BUILT_PRODUCTS_DIR}/leg\" -o\"${DERIVED_FILE_DIR}/${INPUT_FILE_BASE}.m\" \"${INPUT_FILE_PATH}\"";
		};
/* End PBXBuildRule section */

/* Begin PBXContainerItemProxy section */
		1FFE18AA1924253C00A5B42C /* PBXContainerItemProxy */ = {
			isa = PBXContainerItemProxy;
			containerPortal = 1FFE18631924249E00A5B42C /* Project object */;
			proxyType = 1;
			remoteGlobalIDString = 1FFE186C192424C200A5B42C;
			remoteInfo = leg;
		};
/* End PBXContainerItemProxy section */

/* Begin PBXCopyFilesBuildPhase section */
		1FFE186B192424C200A5B42C /* Copy Files */ = {
			isa = PBXCopyFilesBuildPhase;
			buildActionMask = 2147483647;
			dstPath = /usr/share/man/man1/;
			dstSubfolderSpec = 0;
			files = (
				1FFE1873192424C200A5B42C /* leg.1 in Copy Files */,
			);
			name = "Copy Files";
			runOnlyForDeploymentPostprocessing = 1;
		};
/* End PBXCopyFilesBuildPhase section */

/* Begin PBXFileReference section */
		1FFE186D192424C200A5B42C /* leg */ = {isa = PBXFileReference; explicitFileType = "compiled.mach-o.executable"; includeInIndex = 0; path = leg; sourceTree = BUILT_PRODUCTS_DIR; };
		1FFE1872192424C200A5B42C /* leg.1 */ = {isa = PBXFileReference; lastKnownFileType = text.man; path = leg.1; sourceTree = "<group>"; };
		1FFE1877192424CB00A5B42C /* compile.c */ = {isa = PBXFileReference; fileEncoding = 4; lastKnownFileType = sourcecode.c.c; path = compile.c; sourceTree = "<group>"; };
		1FFE1878192424CB00A5B42C /* leg.c */ = {isa = PBXFileReference; fileEncoding = 4; lastKnownFileType = sourcecode.c.c; path = leg.c; sourceTree = "<group>"; };
		1FFE1879192424CB00A5B42C /* tree.c */ = {isa = PBXFileReference; fileEncoding = 4; lastKnownFileType = sourcecode.c.c; path = tree.c; sourceTree = "<group>"; };
		1FFE187A192424CB00A5B42C /* tree.h */ = {isa = PBXFileReference; fileEncoding = 4; lastKnownFileType = sourcecode.c.h; path = tree.h; sourceTree = "<group>"; };
		1FFE187B192424CB00A5B42C /* version.h */ = {isa = PBXFileReference; fileEncoding = 4; lastKnownFileType = sourcecode.c.h; path = version.h; sourceTree = "<group>"; };
		1FFE18831924253100A5B42C /* libXcodeKit.a */ = {isa = PBXFileReference; explicitFileType = archive.ar; includeInIndex = 0; path = libXcodeKit.a; sourceTree = BUILT_PRODUCTS_DIR; };
		1FFE18851924253100A5B42C /* Cocoa.framework */ = {isa = PBXFileReference; lastKnownFileType = wrapper.framework; name = Cocoa.framework; path = System/Library/Frameworks/Cocoa.framework; sourceTree = SDKROOT; };
		1FFE18881924253100A5B42C /* Foundation.framework */ = {isa = PBXFileReference; lastKnownFileType = wrapper.framework; name = Foundation.framework; path = System/Library/Frameworks/Foundation.framework; sourceTree = SDKROOT; };
		1FFE18891924253100A5B42C /* CoreData.framework */ = {isa = PBXFileReference; lastKnownFileType = wrapper.framework; name = CoreData.framework; path = System/Library/Frameworks/CoreData.framework; sourceTree = SDKROOT; };
		1FFE188A1924253100A5B42C /* AppKit.framework */ = {isa = PBXFileReference; lastKnownFileType = wrapper.framework; name = AppKit.framework; path = System/Library/Frameworks/AppKit.framework; sourceTree = SDKROOT; };
		1FFE18961924253100A5B42C /* XCTest.framework */ = {isa = PBXFileReference; lastKnownFileType = wrapper.framework; name = XCTest.framework; path = Library/Frameworks/XCTest.framework; sourceTree = DEVELOPER_DIR; };
		1FFE18AC1924255600A5B42C /* LICENSE.txt */ = {isa = PBXFileReference; fileEncoding = 4; lastKnownFileType = text; path = LICENSE.txt; sourceTree = "<group>"; };
		1FFE18AD1924255600A5B42C /* pbxproject.peg */ = {isa = PBXFileReference; fileEncoding = 4; lastKnownFileType = text; path = pbxproject.peg; sourceTree = "<group>"; };
		1FFE18AE1924255600A5B42C /* XCBuildFile.h */ = {isa = PBXFileReference; fileEncoding = 4; lastKnownFileType = sourcecode.c.h; path = XCBuildFile.h; sourceTree = "<group>"; };
		1FFE18AF1924255600A5B42C /* XCBuildFile.m */ = {isa = PBXFileReference; fileEncoding = 4; lastKnownFileType = sourcecode.c.objc; path = XCBuildFile.m; sourceTree = "<group>"; };
		1FFE18B01924255600A5B42C /* XCBuildPhase.h */ = {isa = PBXFileReference; fileEncoding = 4; lastKnownFileType = sourcecode.c.h; path = XCBuildPhase.h; sourceTree = "<group>"; };
		1FFE18B11924255600A5B42C /* XCBuildPhase.m */ = {isa = PBXFileReference; fileEncoding = 4; lastKnownFileType = sourcecode.c.objc; path = XCBuildPhase.m; sourceTree = "<group>"; };
		1FFE18B21924255600A5B42C /* XCConfiguration.h */ = {isa = PBXFileReference; fileEncoding = 4; lastKnownFileType = sourcecode.c.h; path = XCConfiguration.h; sourceTree = "<group>"; };
		1FFE18B31924255600A5B42C /* XCConfiguration.m */ = {isa = PBXFileReference; fileEncoding = 4; lastKnownFileType = sourcecode.c.objc; path = XCConfiguration.m; sourceTree = "<group>"; };
		1FFE18B41924255600A5B42C /* XCConfigurationList.h */ = {isa = PBXFileReference; fileEncoding = 4; lastKnownFileType = sourcecode.c.h; path = XCConfigurationList.h; sourceTree = "<group>"; };
		1FFE18B51924255600A5B42C /* XCConfigurationList.m */ = {isa = PBXFileReference; fileEncoding = 4; lastKnownFileType = sourcecode.c.objc; path = XCConfigurationList.m; sourceTree = "<group>"; };
		1FFE18B61924255600A5B42C /* XCFileReference.h */ = {isa = PBXFileReference; fileEncoding = 4; lastKnownFileType = sourcecode.c.h; path = XCFileReference.h; sourceTree = "<group>"; };
		1FFE18B71924255600A5B42C /* XCFileReference.m */ = {isa = PBXFileReference; fileEncoding = 4; lastKnownFileType = sourcecode.c.objc; path = XCFileReference.m; sourceTree = "<group>"; };
		1FFE18B81924255600A5B42C /* XCGroup.h */ = {isa = PBXFileReference; fileEncoding = 4; lastKnownFileType = sourcecode.c.h; path = XCGroup.h; sourceTree = "<group>"; };
		1FFE18B91924255600A5B42C /* XCGroup.m */ = {isa = PBXFileReference; fileEncoding = 4; lastKnownFileType = sourcecode.c.objc; path = XCGroup.m; sourceTree = "<group>"; };
		1FFE18BA1924255600A5B42C /* XCObjectIdentifier.h */ = {isa = PBXFileReference; fileEncoding = 4; lastKnownFileType = sourcecode.c.h; path = XCObjectIdentifier.h; sourceTree = "<group>"; };
		1FFE18BB1924255600A5B42C /* XCObjectIdentifier.m */ = {isa = PBXFileReference; fileEncoding = 4; lastKnownFileType = sourcecode.c.objc; path = XCObjectIdentifier.m; sourceTree = "<group>"; };
		1FFE18BC1924255600A5B42C /* XCObjectRegistry.h */ = {isa = PBXFileReference; fileEncoding = 4; lastKnownFileType = sourcecode.c.h; path = XCObjectRegistry.h; sourceTree = "<group>"; };
		1FFE18BD1924255600A5B42C /* XCObjectRegistry.m */ = {isa = PBXFileReference; fileEncoding = 4; lastKnownFileType = sourcecode.c.objc; path = XCObjectRegistry.m; sourceTree = "<group>"; };
		1FFE18BE1924255600A5B42C /* XCProject.h */ = {isa = PBXFileReference; fileEncoding = 4; lastKnownFileType = sourcecode.c.h; path = XCProject.h; sourceTree = "<group>"; };
		1FFE18BF1924255600A5B42C /* XCProject.m */ = {isa = PBXFileReference; fileEncoding = 4; lastKnownFileType = sourcecode.c.objc; path = XCProject.m; sourceTree = "<group>"; };
		1FFE18C01924255600A5B42C /* XCResource.h */ = {isa = PBXFileReference; fileEncoding = 4; lastKnownFileType = sourcecode.c.h; path = XCResource.h; sourceTree = "<group>"; };
		1FFE18C11924255600A5B42C /* XCResource.m */ = {isa = PBXFileReference; fileEncoding = 4; lastKnownFileType = sourcecode.c.objc; path = XCResource.m; sourceTree = "<group>"; };
		1FFE18C21924255600A5B42C /* XCStandardProperties.h */ = {isa = PBXFileReference; fileEncoding = 4; lastKnownFileType = sourcecode.c.h; path = XCStandardProperties.h; sourceTree = "<group>"; };
		1FFE18C31924255600A5B42C /* XCStandardProperties.m */ = {isa = PBXFileReference; fileEncoding = 4; lastKnownFileType = sourcecode.c.objc; path = XCStandardProperties.m; sourceTree = "<group>"; };
		1FFE18C41924255600A5B42C /* XCTarget.h */ = {isa = PBXFileReference; fileEncoding = 4; lastKnownFileType = sourcecode.c.h; path = XCTarget.h; sourceTree = "<group>"; };
		1FFE18C51924255600A5B42C /* XCTarget.m */ = {isa = PBXFileReference; fileEncoding = 4; lastKnownFileType = sourcecode.c.objc; path = XCTarget.m; sourceTree = "<group>"; };
/* End PBXFileReference section */

/* Begin PBXFrameworksBuildPhase section */
		1FFE186A192424C200A5B42C /* Frameworks */ = {
			isa = PBXFrameworksBuildPhase;
			buildActionMask = 2147483647;
			files = (
			);
			runOnlyForDeploymentPostprocessing = 0;
		};
		1FFE18801924253100A5B42C /* Frameworks */ = {
			isa = PBXFrameworksBuildPhase;
			buildActionMask = 2147483647;
			files = (
				1FFE18861924253100A5B42C /* Cocoa.framework in Frameworks */,
			);
			runOnlyForDeploymentPostprocessing = 0;
		};
/* End PBXFrameworksBuildPhase section */

/* Begin PBXGroup section */
		1FFE18621924249E00A5B42C = {
			isa = PBXGroup;
			children = (
				1FFE186F192424C200A5B42C /* leg */,
				1FFE188B1924253100A5B42C /* XcodeKit */,
				1FFE18841924253100A5B42C /* Frameworks */,
				1FFE186E192424C200A5B42C /* Products */,
			);
			sourceTree = "<group>";
		};
		1FFE186E192424C200A5B42C /* Products */ = {
			isa = PBXGroup;
			children = (
				1FFE186D192424C200A5B42C /* leg */,
				1FFE18831924253100A5B42C /* libXcodeKit.a */,
			);
			name = Products;
			sourceTree = "<group>";
		};
		1FFE186F192424C200A5B42C /* leg */ = {
			isa = PBXGroup;
			children = (
				1FFE1877192424CB00A5B42C /* compile.c */,
				1FFE1878192424CB00A5B42C /* leg.c */,
				1FFE1879192424CB00A5B42C /* tree.c */,
				1FFE187A192424CB00A5B42C /* tree.h */,
				1FFE187B192424CB00A5B42C /* version.h */,
				1FFE1872192424C200A5B42C /* leg.1 */,
			);
			path = leg;
			sourceTree = "<group>";
		};
		1FFE18841924253100A5B42C /* Frameworks */ = {
			isa = PBXGroup;
			children = (
				1FFE18851924253100A5B42C /* Cocoa.framework */,
				1FFE18961924253100A5B42C /* XCTest.framework */,
				1FFE18871924253100A5B42C /* Other Frameworks */,
			);
			name = Frameworks;
			sourceTree = "<group>";
		};
		1FFE18871924253100A5B42C /* Other Frameworks */ = {
			isa = PBXGroup;
			children = (
				1FFE18881924253100A5B42C /* Foundation.framework */,
				1FFE18891924253100A5B42C /* CoreData.framework */,
				1FFE188A1924253100A5B42C /* AppKit.framework */,
			);
			name = "Other Frameworks";
			sourceTree = "<group>";
		};
		1FFE188B1924253100A5B42C /* XcodeKit */ = {
			isa = PBXGroup;
			children = (
				1FFE18AC1924255600A5B42C /* LICENSE.txt */,
				1FFE18AD1924255600A5B42C /* pbxproject.peg */,
				1FFE18BA1924255600A5B42C /* XCObjectIdentifier.h */,
				1FFE18BB1924255600A5B42C /* XCObjectIdentifier.m */,
				1FFE18BC1924255600A5B42C /* XCObjectRegistry.h */,
				1FFE18BD1924255600A5B42C /* XCObjectRegistry.m */,
				1FFE18C01924255600A5B42C /* XCResource.h */,
				1FFE18C11924255600A5B42C /* XCResource.m */,
				1FFE18C21924255600A5B42C /* XCStandardProperties.h */,
				1FFE18C31924255600A5B42C /* XCStandardProperties.m */,
				1FFE18DE1924257100A5B42C /* Resources */,
			);
			path = XcodeKit;
			sourceTree = "<group>";
		};
		1FFE18DE1924257100A5B42C /* Resources */ = {
			isa = PBXGroup;
			children = (
				1FFE18AE1924255600A5B42C /* XCBuildFile.h */,
				1FFE18AF1924255600A5B42C /* XCBuildFile.m */,
				1FFE18B01924255600A5B42C /* XCBuildPhase.h */,
				1FFE18B11924255600A5B42C /* XCBuildPhase.m */,
				1FFE18B21924255600A5B42C /* XCConfiguration.h */,
				1FFE18B31924255600A5B42C /* XCConfiguration.m */,
				1FFE18B41924255600A5B42C /* XCConfigurationList.h */,
				1FFE18B51924255600A5B42C /* XCConfigurationList.m */,
				1FFE18B61924255600A5B42C /* XCFileReference.h */,
				1FFE18B71924255600A5B42C /* XCFileReference.m */,
				1FFE18B81924255600A5B42C /* XCGroup.h */,
				1FFE18B91924255600A5B42C /* XCGroup.m */,
				1FFE18BE1924255600A5B42C /* XCProject.h */,
				1FFE18BF1924255600A5B42C /* XCProject.m */,
				1FFE18C41924255600A5B42C /* XCTarget.h */,
				1FFE18C51924255600A5B42C /* XCTarget.m */,
			);
			name = Resources;
			sourceTree = "<group>";
		};
/* End PBXGroup section */

/* Begin PBXHeadersBuildPhase section */
		1FFE18811924253100A5B42C /* Headers */ = {
			isa = PBXHeadersBuildPhase;
			buildActionMask = 2147483647;
			files = (
				1FFE18C81924255600A5B42C /* XCBuildPhase.h in Headers */,
				1FFE18CA1924255600A5B42C /* XCConfiguration.h in Headers */,
				1FFE18CE1924255600A5B42C /* XCFileReference.h in Headers */,
				1FFE18D81924255600A5B42C /* XCResource.h in Headers */,
				1FFE18DA1924255600A5B42C /* XCStandardProperties.h in Headers */,
				1FFE18D41924255600A5B42C /* XCObjectRegistry.h in Headers */,
				1FFE18DC1924255600A5B42C /* XCTarget.h in Headers */,
				1FFE18CC1924255600A5B42C /* XCConfigurationList.h in Headers */,
				1FFE18D61924255600A5B42C /* XCProject.h in Headers */,
				1FFE18C61924255600A5B42C /* XCBuildFile.h in Headers */,
				1FFE18D01924255600A5B42C /* XCGroup.h in Headers */,
				1FFE18D21924255600A5B42C /* XCObjectIdentifier.h in Headers */,
			);
			runOnlyForDeploymentPostprocessing = 0;
		};
/* End PBXHeadersBuildPhase section */

/* Begin PBXNativeTarget section */
		1FFE186C192424C200A5B42C /* leg */ = {
			isa = PBXNativeTarget;
			buildConfigurationList = 1FFE1874192424C200A5B42C /* Build configuration list for PBXNativeTarget "leg" */;
			buildPhases = (
				1FFE1869192424C200A5B42C /* Sources */,
				1FFE186A192424C200A5B42C /* Frameworks */,
				1FFE186B192424C200A5B42C /* Copy Files */,
			);
			buildRules = (
			);
			dependencies = (
			);
			name = leg;
			productName = leg;
			productReference = 1FFE186D192424C200A5B42C /* leg */;
			productType = "com.apple.product-type.tool";
		};
		1FFE18821924253100A5B42C /* XcodeKit */ = {
			isa = PBXNativeTarget;
			buildConfigurationList = 1FFE18A41924253100A5B42C /* Build configuration list for PBXNativeTarget "XcodeKit" */;
			buildPhases = (
				1FFE187F1924253100A5B42C /* Sources */,
				1FFE18801924253100A5B42C /* Frameworks */,
				1FFE18811924253100A5B42C /* Headers */,
			);
			buildRules = (
				1FFE18DF1924259900A5B42C /* PBXBuildRule */,
			);
			dependencies = (
				1FFE18AB1924253C00A5B42C /* PBXTargetDependency */,
			);
			name = XcodeKit;
			productName = XcodeKit;
			productReference = 1FFE18831924253100A5B42C /* libXcodeKit.a */;
			productType = "com.apple.product-type.library.static";
		};
/* End PBXNativeTarget section */

/* Begin PBXProject section */
		1FFE18631924249E00A5B42C /* Project object */ = {
			isa = PBXProject;
			attributes = {
				LastUpgradeCheck = 0510;
				ORGANIZATIONNAME = "William Kent";
			};
			buildConfigurationList = 1FFE18661924249E00A5B42C /* Build configuration list for PBXProject "XcodeKit" */;
			compatibilityVersion = "Xcode 3.2";
			developmentRegion = English;
			hasScannedForEncodings = 0;
			knownRegions = (
				en,
			);
			mainGroup = 1FFE18621924249E00A5B42C;
			productRefGroup = 1FFE186E192424C200A5B42C /* Products */;
			projectDirPath = "";
			projectRoot = "";
			targets = (
				1FFE18821924253100A5B42C /* XcodeKit */,
				1FFE186C192424C200A5B42C /* leg */,
			);
		};
/* End PBXProject section */

/* Begin PBXSourcesBuildPhase section */
		1FFE1869192424C200A5B42C /* Sources */ = {
			isa = PBXSourcesBuildPhase;
			buildActionMask = 2147483647;
			files = (
				1FFE187D192424CB00A5B42C /* leg.c in Sources */,
				1FFE187C192424CB00A5B42C /* compile.c in Sources */,
				1FFE187E192424CB00A5B42C /* tree.c in Sources */,
			);
			runOnlyForDeploymentPostprocessing = 0;
		};
		1FFE187F1924253100A5B42C /* Sources */ = {
			isa = PBXSourcesBuildPhase;
			buildActionMask = 2147483647;
			files = (
				1FFE18D51924255600A5B42C /* XCObjectRegistry.m in Sources */,
				1FFE18C71924255600A5B42C /* XCBuildFile.m in Sources */,
				1FFE18CB1924255600A5B42C /* XCConfiguration.m in Sources */,
				1FFE18D11924255600A5B42C /* XCGroup.m in Sources */,
				1FFE18D31924255600A5B42C /* XCObjectIdentifier.m in Sources */,
				1FFE18CF1924255600A5B42C /* XCFileReference.m in Sources */,
				1FFE18C91924255600A5B42C /* XCBuildPhase.m in Sources */,
				1FFE18DD1924255600A5B42C /* XCTarget.m in Sources */,
				1FFE18DB1924255600A5B42C /* XCStandardProperties.m in Sources */,
				1FFE18CD1924255600A5B42C /* XCConfigurationList.m in Sources */,
				1FFE18D91924255600A5B42C /* XCResource.m in Sources */,
				1FFE18D71924255600A5B42C /* XCProject.m in Sources */,
				1FFE18E0192425BE00A5B42C /* pbxproject.peg in Sources */,
			);
			runOnlyForDeploymentPostprocessing = 0;
		};
/* End PBXSourcesBuildPhase section */

/* Begin PBXTargetDependency section */
		1FFE18AB1924253C00A5B42C /* PBXTargetDependency */ = {
			isa = PBXTargetDependency;
			target = 1FFE186C192424C200A5B42C /* leg */;
			targetProxy = 1FFE18AA1924253C00A5B42C /* PBXContainerItemProxy */;
		};
/* End PBXTargetDependency section */

/* Begin XCBuildConfiguration section */
		1FFE18671924249E00A5B42C /* Debug */ = {
			isa = XCBuildConfiguration;
			buildSettings = {
				WARNING_CFLAGS = "-Wno-unused-function";
			};
			name = Debug;
		};
		1FFE18681924249E00A5B42C /* Release */ = {
			isa = XCBuildConfiguration;
			buildSettings = {
				WARNING_CFLAGS = "-Wno-unused-function";
			};
			name = Release;
		};
		1FFE1875192424C200A5B42C /* Debug */ = {
			isa = XCBuildConfiguration;
			buildSettings = {
				ALWAYS_SEARCH_USER_PATHS = NO;
				CLANG_CXX_LANGUAGE_STANDARD = "gnu++0x";
				CLANG_CXX_LIBRARY = "libc++";
				CLANG_ENABLE_MODULES = YES;
				CLANG_ENABLE_OBJC_ARC = YES;
				CLANG_WARN_BOOL_CONVERSION = YES;
				CLANG_WARN_CONSTANT_CONVERSION = YES;
				CLANG_WARN_DIRECT_OBJC_ISA_USAGE = YES_ERROR;
				CLANG_WARN_EMPTY_BODY = YES;
				CLANG_WARN_ENUM_CONVERSION = YES;
				CLANG_WARN_INT_CONVERSION = YES;
				CLANG_WARN_OBJC_ROOT_CLASS = YES_ERROR;
				CLANG_WARN__DUPLICATE_METHOD_MATCH = YES;
				COPY_PHASE_STRIP = NO;
				GCC_C_LANGUAGE_STANDARD = gnu99;
				GCC_DYNAMIC_NO_PIC = NO;
				GCC_ENABLE_OBJC_EXCEPTIONS = YES;
				GCC_OPTIMIZATION_LEVEL = 0;
				GCC_PREPROCESSOR_DEFINITIONS = (
					"DEBUG=1",
					"$(inherited)",
				);
				GCC_SYMBOLS_PRIVATE_EXTERN = NO;
				GCC_WARN_64_TO_32_BIT_CONVERSION = YES;
				GCC_WARN_ABOUT_RETURN_TYPE = YES_ERROR;
				GCC_WARN_UNDECLARED_SELECTOR = YES;
				GCC_WARN_UNINITIALIZED_AUTOS = YES_AGGRESSIVE;
				GCC_WARN_UNUSED_FUNCTION = YES;
				GCC_WARN_UNUSED_VARIABLE = YES;
				MACOSX_DEPLOYMENT_TARGET = 10.9;
				ONLY_ACTIVE_ARCH = YES;
				PRODUCT_NAME = "$(TARGET_NAME)";
				SDKROOT = macosx;
			};
			name = Debug;
		};
		1FFE1876192424C200A5B42C /* Release */ = {
			isa = XCBuildConfiguration;
			buildSettings = {
				ALWAYS_SEARCH_USER_PATHS = NO;
				CLANG_CXX_LANGUAGE_STANDARD = "gnu++0x";
				CLANG_CXX_LIBRARY = "libc++";
				CLANG_ENABLE_MODULES = YES;
				CLANG_ENABLE_OBJC_ARC = YES;
				CLANG_WARN_BOOL_CONVERSION = YES;
				CLANG_WARN_CONSTANT_CONVERSION = YES;
				CLANG_WARN_DIRECT_OBJC_ISA_USAGE = YES_ERROR;
				CLANG_WARN_EMPTY_BODY = YES;
				CLANG_WARN_ENUM_CONVERSION = YES;
				CLANG_WARN_INT_CONVERSION = YES;
				CLANG_WARN_OBJC_ROOT_CLASS = YES_ERROR;
				CLANG_WARN__DUPLICATE_METHOD_MATCH = YES;
				COPY_PHASE_STRIP = YES;
				DEBUG_INFORMATION_FORMAT = "dwarf-with-dsym";
				ENABLE_NS_ASSERTIONS = NO;
				GCC_C_LANGUAGE_STANDARD = gnu99;
				GCC_ENABLE_OBJC_EXCEPTIONS = YES;
				GCC_WARN_64_TO_32_BIT_CONVERSION = YES;
				GCC_WARN_ABOUT_RETURN_TYPE = YES_ERROR;
				GCC_WARN_UNDECLARED_SELECTOR = YES;
				GCC_WARN_UNINITIALIZED_AUTOS = YES_AGGRESSIVE;
				GCC_WARN_UNUSED_FUNCTION = YES;
				GCC_WARN_UNUSED_VARIABLE = YES;
				MACOSX_DEPLOYMENT_TARGET = 10.9;
				PRODUCT_NAME = "$(TARGET_NAME)";
				SDKROOT = macosx;
			};
			name = Release;
		};
		1FFE18A51924253100A5B42C /* Debug */ = {
			isa = XCBuildConfiguration;
			buildSettings = {
				ALWAYS_SEARCH_USER_PATHS = NO;
				CLANG_CXX_LANGUAGE_STANDARD = "gnu++0x";
				CLANG_CXX_LIBRARY = "libc++";
				CLANG_ENABLE_MODULES = YES;
				CLANG_ENABLE_OBJC_ARC = YES;
				CLANG_WARN_BOOL_CONVERSION = YES;
				CLANG_WARN_CONSTANT_CONVERSION = YES;
				CLANG_WARN_DIRECT_OBJC_ISA_USAGE = YES_ERROR;
				CLANG_WARN_EMPTY_BODY = YES;
				CLANG_WARN_ENUM_CONVERSION = YES;
				CLANG_WARN_INT_CONVERSION = YES;
				CLANG_WARN_OBJC_ROOT_CLASS = YES_ERROR;
				CLANG_WARN__DUPLICATE_METHOD_MATCH = YES;
				COPY_PHASE_STRIP = NO;
				GCC_C_LANGUAGE_STANDARD = gnu99;
				GCC_DYNAMIC_NO_PIC = NO;
				GCC_ENABLE_OBJC_EXCEPTIONS = YES;
				GCC_OPTIMIZATION_LEVEL = 0;
				GCC_PREPROCESSOR_DEFINITIONS = (
					"DEBUG=1",
					"$(inherited)",
				);
				GCC_SYMBOLS_PRIVATE_EXTERN = NO;
				GCC_WARN_64_TO_32_BIT_CONVERSION = YES;
				GCC_WARN_ABOUT_RETURN_TYPE = YES_ERROR;
				GCC_WARN_UNDECLARED_SELECTOR = YES;
				GCC_WARN_UNINITIALIZED_AUTOS = YES_AGGRESSIVE;
				GCC_WARN_UNUSED_FUNCTION = YES;
				GCC_WARN_UNUSED_VARIABLE = YES;
				MACOSX_DEPLOYMENT_TARGET = 10.9;
				ONLY_ACTIVE_ARCH = YES;
				PRODUCT_NAME = "$(TARGET_NAME)";
				SDKROOT = macosx;
			};
			name = Debug;
		};
		1FFE18A61924253100A5B42C /* Release */ = {
			isa = XCBuildConfiguration;
			buildSettings = {
				ALWAYS_SEARCH_USER_PATHS = NO;
				CLANG_CXX_LANGUAGE_STANDARD = "gnu++0x";
				CLANG_CXX_LIBRARY = "libc++";
				CLANG_ENABLE_MODULES = YES;
				CLANG_ENABLE_OBJC_ARC = YES;
				CLANG_WARN_BOOL_CONVERSION = YES;
				CLANG_WARN_CONSTANT_CONVERSION = YES;
				CLANG_WARN_DIRECT_OBJC_ISA_USAGE = YES_ERROR;
				CLANG_WARN_EMPTY_BODY = YES;
				CLANG_WARN_ENUM_CONVERSION = YES;
				CLANG_WARN_INT_CONVERSION = YES;
				CLANG_WARN_OBJC_ROOT_CLASS = YES_ERROR;
				CLANG_WARN__DUPLICATE_METHOD_MATCH = YES;
				COPY_PHASE_STRIP = YES;
				DEBUG_INFORMATION_FORMAT = "dwarf-with-dsym";
				ENABLE_NS_ASSERTIONS = NO;
				GCC_C_LANGUAGE_STANDARD = gnu99;
				GCC_ENABLE_OBJC_EXCEPTIONS = YES;
				GCC_WARN_64_TO_32_BIT_CONVERSION = YES;
				GCC_WARN_ABOUT_RETURN_TYPE = YES_ERROR;
				GCC_WARN_UNDECLARED_SELECTOR = YES;
				GCC_WARN_UNINITIALIZED_AUTOS = YES_AGGRESSIVE;
				GCC_WARN_UNUSED_FUNCTION = YES;
				GCC_WARN_UNUSED_VARIABLE = YES;
				MACOSX_DEPLOYMENT_TARGET = 10.9;
				PRODUCT_NAME = "$(TARGET_NAME)";
				SDKROOT = macosx;
			};
			name = Release;
		};
/* End XCBuildConfiguration section */

/* Begin XCConfigurationList section */
		1FFE18661924249E00A5B42C /* Build configuration list for PBXProject "XcodeKit" */ = {
			isa = XCConfigurationList;
			buildConfigurations = (
				1FFE18671924249E00A5B42C /* Debug */,
				1FFE18681924249E00A5B42C /* Release */,
			);
			defaultConfigurationIsVisible = 0;
			defaultConfigurationName = Release;
		};
		1FFE1874192424C200A5B42C /* Build configuration list for PBXNativeTarget "leg" */ = {
			isa = XCConfigurationList;
			buildConfigurations = (
				1FFE1875192424C200A5B42C /* Debug */,
				1FFE1876192424C200A5B42C /* Release */,
			);
			defaultConfigurationIsVisible = 0;
		};
		1FFE18A41924253100A5B42C /* Build configuration list for PBXNativeTarget "XcodeKit" */ = {
			isa = XCConfigurationList;
			buildConfigurations = (
				1FFE18A51924253100A5B42C /* Debug */,
				1FFE18A61924253100A5B42C /* Release */,
			);
			defaultConfigurationIsVisible = 0;
		};
/* End XCConfigurationList section */
	};
	rootObject = 1FFE18631924249E00A5B42C /* Project object */;
}
